{
  "name": "Client",
  "lockfileVersion": 2,
  "requires": true,
  "packages": {
    "": {
      "name": "Client",
      "dependencies": {
        "drongo-cc": "^1.0.15",
        "drongo-fgui": "^1.1.2"
      }
    },
    "node_modules/@types/node": {
      "version": "14.18.36",
      "resolved": "https://registry.npmjs.org/@types/node/-/node-14.18.36.tgz",
      "integrity": "sha512-FXKWbsJ6a1hIrRxv+FoukuHnGTgEzKYGi7kilfMae96AL9UNkPFNWJEEYWzdRI9ooIkbr4AKldyuSTLql06vLQ=="
    },
    "node_modules/drongo-cc": {
      "version": "1.0.15",
      "resolved": "https://registry.npmjs.org/drongo-cc/-/drongo-cc-1.0.15.tgz",
      "integrity": "sha512-fKsreRN7sEQmjKpb8DX/MsqXxkDBR7kwQA2qFKjn8b58M9uJZx6t1benYL2QBeyX+2bCzFjyldzBCrkl3eBDQQ==",
      "dependencies": {
        "@types/node": "^14.0.1",
        "lodash": "^4.17.15",
        "rollup": "^3.7.3"
      }
    },
    "node_modules/drongo-fgui": {
      "version": "1.1.2",
      "resolved": "https://registry.npmjs.org/drongo-fgui/-/drongo-fgui-1.1.2.tgz",
      "integrity": "sha512-au4HRLkBZsNUoSz1nb2JfWqMMMIcExwhoSzM5zbvrSQV8twD2t5koTnzQVXGOZ5aWF2NROcakm9yvDaIOoW7kw==",
      "dependencies": {
        "@types/node": "^14.0.1",
        "lodash": "^4.17.15",
        "rollup": "^3.7.3"
      }
    },
    "node_modules/fsevents": {
      "version": "2.3.2",
      "resolved": "https://registry.npmjs.org/fsevents/-/fsevents-2.3.2.tgz",
      "integrity": "sha512-xiqMQR4xAeHTuB9uWm+fFRcIOgKBMiOBP+eXiyT7jsgVCq1bkVygt00oASowB7EdtpOHaaPgKt812P9ab+DDKA==",
      "hasInstallScript": true,
      "optional": true,
      "os": [
        "darwin"
      ],
      "engines": {
        "node": "^8.16.0 || ^10.6.0 || >=11.0.0"
      }
    },
    "node_modules/lodash": {
      "version": "4.17.21",
      "resolved": "https://registry.npmjs.org/lodash/-/lodash-4.17.21.tgz",
      "integrity": "sha512-v2kDEe57lecTulaDIuNTPy3Ry4gLGJ6Z1O3vE1krgXZNrsQ+LFTGHVxVjcXPs17LhbZVGedAJv8XZ1tvj5FvSg=="
    },
    "node_modules/rollup": {
      "version": "3.12.1",
      "resolved": "https://registry.npmjs.org/rollup/-/rollup-3.12.1.tgz",
      "integrity": "sha512-t9elERrz2i4UU9z7AwISj3CQcXP39cWxgRWLdf4Tm6aKm1eYrqHIgjzXBgb67GNY1sZckTFFi0oMozh3/S++Ig==",
      "bin": {
        "rollup": "dist/bin/rollup"
      },
      "engines": {
        "node": ">=14.18.0",
        "npm": ">=8.0.0"
      },
      "optionalDependencies": {
        "fsevents": "~2.3.2"
      }
    }
  },
  "dependencies": {
    "@types/node": {
      "version": "14.18.36",
      "resolved": "https://registry.npmjs.org/@types/node/-/node-14.18.36.tgz",
      "integrity": "sha512-FXKWbsJ6a1hIrRxv+FoukuHnGTgEzKYGi7kilfMae96AL9UNkPFNWJEEYWzdRI9ooIkbr4AKldyuSTLql06vLQ=="
    },
    "drongo-cc": {
      "version": "1.0.15",
      "resolved": "https://registry.npmjs.org/drongo-cc/-/drongo-cc-1.0.15.tgz",
      "integrity": "sha512-fKsreRN7sEQmjKpb8DX/MsqXxkDBR7kwQA2qFKjn8b58M9uJZx6t1benYL2QBeyX+2bCzFjyldzBCrkl3eBDQQ==",
      "requires": {
        "@types/node": "^14.0.1",
        "lodash": "^4.17.15",
        "rollup": "^3.7.3"
      }
    },
    "drongo-fgui": {
      "version": "1.1.2",
      "resolved": "https://registry.npmjs.org/drongo-fgui/-/drongo-fgui-1.1.2.tgz",
      "integrity": "sha512-au4HRLkBZsNUoSz1nb2JfWqMMMIcExwhoSzM5zbvrSQV8twD2t5koTnzQVXGOZ5aWF2NROcakm9yvDaIOoW7kw==",
      "requires": {
        "@types/node": "^14.0.1",
        "lodash": "^4.17.15",
        "rollup": "^3.7.3"
      }
    },
    "fsevents": {
      "version": "2.3.2",
      "resolved": "https://registry.npmjs.org/fsevents/-/fsevents-2.3.2.tgz",
      "integrity": "sha512-xiqMQR4xAeHTuB9uWm+fFRcIOgKBMiOBP+eXiyT7jsgVCq1bkVygt00oASowB7EdtpOHaaPgKt812P9ab+DDKA==",
      "optional": true
    },
    "lodash": {
      "version": "4.17.21",
      "resolved": "https://registry.npmjs.org/lodash/-/lodash-4.17.21.tgz",
      "integrity": "sha512-v2kDEe57lecTulaDIuNTPy3Ry4gLGJ6Z1O3vE1krgXZNrsQ+LFTGHVxVjcXPs17LhbZVGedAJv8XZ1tvj5FvSg=="
    },
    "rollup": {
      "version": "3.12.1",
      "resolved": "https://registry.npmjs.org/rollup/-/rollup-3.12.1.tgz",
      "integrity": "sha512-t9elERrz2i4UU9z7AwISj3CQcXP39cWxgRWLdf4Tm6aKm1eYrqHIgjzXBgb67GNY1sZckTFFi0oMozh3/S++Ig==",
      "requires": {
        "fsevents": "~2.3.2"
      }
    }
  }
}
